
Microsoft Visual Studio Solution File, Format Version 12.00
# Visual Studio Version 17
VisualStudioVersion = 17.8.34322.80
MinimumVisualStudioVersion = 10.0.40219.1
Project("{9A19103F-16F7-4668-BE54-9A1E7A4F7556}") = "OpenOrderSystem", "OpenOrderSystem\OpenOrderSystem.csproj", "{DCC0E931-DB04-461A-9C00-603CED06A4A1}"
EndProject
Project("{FAE04EC0-301F-11D3-BF4B-00C04F79EFBC}") = "UnitTests", "UnitTests\UnitTests.csproj", "{A39A4734-C992-4C3D-9555-9CCD4BCF2B0E}"
EndProject
Global
	GlobalSection(SolutionConfigurationPlatforms) = preSolution
		Debug|Any CPU = Debug|Any CPU
		Release|Any CPU = Release|Any CPU
	EndGlobalSection
	GlobalSection(ProjectConfigurationPlatforms) = postSolution
		{DCC0E931-DB04-461A-9C00-603CED06A4A1}.Debug|Any CPU.ActiveCfg = Debug|Any CPU
		{DCC0E931-DB04-461A-9C00-603CED06A4A1}.Debug|Any CPU.Build.0 = Debug|Any CPU
		{DCC0E931-DB04-461A-9C00-603CED06A4A1}.Release|Any CPU.ActiveCfg = Release|Any CPU
		{DCC0E931-DB04-461A-9C00-603CED06A4A1}.Release|Any CPU.Build.0 = Release|Any CPU
		{A39A4734-C992-4C3D-9555-9CCD4BCF2B0E}.Debug|Any CPU.ActiveCfg = Debug|Any CPU
		{A39A4734-C992-4C3D-9555-9CCD4BCF2B0E}.Debug|Any CPU.Build.0 = Debug|Any CPU
		{A39A4734-C992-4C3D-9555-9CCD4BCF2B0E}.Release|Any CPU.ActiveCfg = Release|Any CPU
		{A39A4734-C992-4C3D-9555-9CCD4BCF2B0E}.Release|Any CPU.Build.0 = Release|Any CPU
	EndGlobalSection
	GlobalSection(SolutionProperties) = preSolution
		HideSolutionNode = FALSE
	EndGlobalSection
	GlobalSection(ExtensibilityGlobals) = postSolution
		SolutionGuid = {9E7BF595-AAA5-4FE6-8E18-64C4F8F65AB4}
	EndGlobalSection
EndGlobal
